
Microsoft Visual Studio Solution File, Format Version 12.00
# Visual Studio Version 17
VisualStudioVersion = 17.0.31903.59
MinimumVisualStudioVersion = 10.0.40219.1
Project("{2150E333-8FDC-42A3-9474-1A3956D46DE8}") = "gateway", "gateway", "{E7BDDBC6-9FD1-D1D7-ACD8-2C4F8E3D2461}"
EndProject
Project("{FAE04EC0-301F-11D3-BF4B-00C04F79EFBC}") = "Gateway", "gateway\Gateway\Gateway.csproj", "{E5784DB9-3AE4-41DD-864F-BA7298CFFFBD}"
EndProject
Project("{2150E333-8FDC-42A3-9474-1A3956D46DE8}") = "services", "services", "{5854FF58-B8C5-05C6-5BF2-ACE42193F22B}"
EndProject
Project("{2150E333-8FDC-42A3-9474-1A3956D46DE8}") = "auth", "auth", "{FE3FB199-55FF-42D1-1FD0-08473B5A7350}"
EndProject
Project("{2150E333-8FDC-42A3-9474-1A3956D46DE8}") = "src", "src", "{835BCD8C-DD8B-24F3-25EC-71630B8C5629}"
EndProject
Project("{FAE04EC0-301F-11D3-BF4B-00C04F79EFBC}") = "Auth.Domain", "services\auth\src\Auth.Domain\Auth.Domain.csproj", "{9D10CAA8-B95B-44AD-81C9-18E8D09936F8}"
EndProject
Project("{FAE04EC0-301F-11D3-BF4B-00C04F79EFBC}") = "Auth.Application", "services\auth\src\Auth.Application\Auth.Application.csproj", "{408A604A-7BFA-4D60-99D4-8A162EB26E14}"
EndProject
Project("{FAE04EC0-301F-11D3-BF4B-00C04F79EFBC}") = "Auth.Infrastructure", "services\auth\src\Auth.Infrastructure\Auth.Infrastructure.csproj", "{DB077F01-6CA8-4BE3-9FEC-D53F7F84DBDE}"
EndProject
Project("{FAE04EC0-301F-11D3-BF4B-00C04F79EFBC}") = "Auth.API", "services\auth\src\Auth.API\Auth.API.csproj", "{28CA5FDA-1A94-4702-AB51-F99BFF9B37AF}"
EndProject
Global
	GlobalSection(SolutionConfigurationPlatforms) = preSolution
		Debug|Any CPU = Debug|Any CPU
		Debug|x64 = Debug|x64
		Debug|x86 = Debug|x86
		Release|Any CPU = Release|Any CPU
		Release|x64 = Release|x64
		Release|x86 = Release|x86
	EndGlobalSection
	GlobalSection(ProjectConfigurationPlatforms) = postSolution
		{E5784DB9-3AE4-41DD-864F-BA7298CFFFBD}.Debug|Any CPU.ActiveCfg = Debug|Any CPU
		{E5784DB9-3AE4-41DD-864F-BA7298CFFFBD}.Debug|Any CPU.Build.0 = Debug|Any CPU
		{E5784DB9-3AE4-41DD-864F-BA7298CFFFBD}.Debug|x64.ActiveCfg = Debug|Any CPU
		{E5784DB9-3AE4-41DD-864F-BA7298CFFFBD}.Debug|x64.Build.0 = Debug|Any CPU
		{E5784DB9-3AE4-41DD-864F-BA7298CFFFBD}.Debug|x86.ActiveCfg = Debug|Any CPU
		{E5784DB9-3AE4-41DD-864F-BA7298CFFFBD}.Debug|x86.Build.0 = Debug|Any CPU
		{E5784DB9-3AE4-41DD-864F-BA7298CFFFBD}.Release|Any CPU.ActiveCfg = Release|Any CPU
		{E5784DB9-3AE4-41DD-864F-BA7298CFFFBD}.Release|Any CPU.Build.0 = Release|Any CPU
		{E5784DB9-3AE4-41DD-864F-BA7298CFFFBD}.Release|x64.ActiveCfg = Release|Any CPU
		{E5784DB9-3AE4-41DD-864F-BA7298CFFFBD}.Release|x64.Build.0 = Release|Any CPU
		{E5784DB9-3AE4-41DD-864F-BA7298CFFFBD}.Release|x86.ActiveCfg = Release|Any CPU
		{E5784DB9-3AE4-41DD-864F-BA7298CFFFBD}.Release|x86.Build.0 = Release|Any CPU
		{9D10CAA8-B95B-44AD-81C9-18E8D09936F8}.Debug|Any CPU.ActiveCfg = Debug|Any CPU
		{9D10CAA8-B95B-44AD-81C9-18E8D09936F8}.Debug|Any CPU.Build.0 = Debug|Any CPU
		{9D10CAA8-B95B-44AD-81C9-18E8D09936F8}.Debug|x64.ActiveCfg = Debug|Any CPU
		{9D10CAA8-B95B-44AD-81C9-18E8D09936F8}.Debug|x64.Build.0 = Debug|Any CPU
		{9D10CAA8-B95B-44AD-81C9-18E8D09936F8}.Debug|x86.ActiveCfg = Debug|Any CPU
		{9D10CAA8-B95B-44AD-81C9-18E8D09936F8}.Debug|x86.Build.0 = Debug|Any CPU
		{9D10CAA8-B95B-44AD-81C9-18E8D09936F8}.Release|Any CPU.ActiveCfg = Release|Any CPU
		{9D10CAA8-B95B-44AD-81C9-18E8D09936F8}.Release|Any CPU.Build.0 = Release|Any CPU
		{9D10CAA8-B95B-44AD-81C9-18E8D09936F8}.Release|x64.ActiveCfg = Release|Any CPU
		{9D10CAA8-B95B-44AD-81C9-18E8D09936F8}.Release|x64.Build.0 = Release|Any CPU
		{9D10CAA8-B95B-44AD-81C9-18E8D09936F8}.Release|x86.ActiveCfg = Release|Any CPU
		{9D10CAA8-B95B-44AD-81C9-18E8D09936F8}.Release|x86.Build.0 = Release|Any CPU
		{408A604A-7BFA-4D60-99D4-8A162EB26E14}.Debug|Any CPU.ActiveCfg = Debug|Any CPU
		{408A604A-7BFA-4D60-99D4-8A162EB26E14}.Debug|Any CPU.Build.0 = Debug|Any CPU
		{408A604A-7BFA-4D60-99D4-8A162EB26E14}.Debug|x64.ActiveCfg = Debug|Any CPU
		{408A604A-7BFA-4D60-99D4-8A162EB26E14}.Debug|x64.Build.0 = Debug|Any CPU
		{408A604A-7BFA-4D60-99D4-8A162EB26E14}.Debug|x86.ActiveCfg = Debug|Any CPU
		{408A604A-7BFA-4D60-99D4-8A162EB26E14}.Debug|x86.Build.0 = Debug|Any CPU
		{408A604A-7BFA-4D60-99D4-8A162EB26E14}.Release|Any CPU.ActiveCfg = Release|Any CPU
		{408A604A-7BFA-4D60-99D4-8A162EB26E14}.Release|Any CPU.Build.0 = Release|Any CPU
		{408A604A-7BFA-4D60-99D4-8A162EB26E14}.Release|x64.ActiveCfg = Release|Any CPU
		{408A604A-7BFA-4D60-99D4-8A162EB26E14}.Release|x64.Build.0 = Release|Any CPU
		{408A604A-7BFA-4D60-99D4-8A162EB26E14}.Release|x86.ActiveCfg = Release|Any CPU
		{408A604A-7BFA-4D60-99D4-8A162EB26E14}.Release|x86.Build.0 = Release|Any CPU
		{DB077F01-6CA8-4BE3-9FEC-D53F7F84DBDE}.Debug|Any CPU.ActiveCfg = Debug|Any CPU
		{DB077F01-6CA8-4BE3-9FEC-D53F7F84DBDE}.Debug|Any CPU.Build.0 = Debug|Any CPU
		{DB077F01-6CA8-4BE3-9FEC-D53F7F84DBDE}.Debug|x64.ActiveCfg = Debug|Any CPU
		{DB077F01-6CA8-4BE3-9FEC-D53F7F84DBDE}.Debug|x64.Build.0 = Debug|Any CPU
		{DB077F01-6CA8-4BE3-9FEC-D53F7F84DBDE}.Debug|x86.ActiveCfg = Debug|Any CPU
		{DB077F01-6CA8-4BE3-9FEC-D53F7F84DBDE}.Debug|x86.Build.0 = Debug|Any CPU
		{DB077F01-6CA8-4BE3-9FEC-D53F7F84DBDE}.Release|Any CPU.ActiveCfg = Release|Any CPU
		{DB077F01-6CA8-4BE3-9FEC-D53F7F84DBDE}.Release|Any CPU.Build.0 = Release|Any CPU
		{DB077F01-6CA8-4BE3-9FEC-D53F7F84DBDE}.Release|x64.ActiveCfg = Release|Any CPU
		{DB077F01-6CA8-4BE3-9FEC-D53F7F84DBDE}.Release|x64.Build.0 = Release|Any CPU
		{DB077F01-6CA8-4BE3-9FEC-D53F7F84DBDE}.Release|x86.ActiveCfg = Release|Any CPU
		{DB077F01-6CA8-4BE3-9FEC-D53F7F84DBDE}.Release|x86.Build.0 = Release|Any CPU
		{28CA5FDA-1A94-4702-AB51-F99BFF9B37AF}.Debug|Any CPU.ActiveCfg = Debug|Any CPU
		{28CA5FDA-1A94-4702-AB51-F99BFF9B37AF}.Debug|Any CPU.Build.0 = Debug|Any CPU
		{28CA5FDA-1A94-4702-AB51-F99BFF9B37AF}.Debug|x64.ActiveCfg = Debug|Any CPU
		{28CA5FDA-1A94-4702-AB51-F99BFF9B37AF}.Debug|x64.Build.0 = Debug|Any CPU
		{28CA5FDA-1A94-4702-AB51-F99BFF9B37AF}.Debug|x86.ActiveCfg = Debug|Any CPU
		{28CA5FDA-1A94-4702-AB51-F99BFF9B37AF}.Debug|x86.Build.0 = Debug|Any CPU
		{28CA5FDA-1A94-4702-AB51-F99BFF9B37AF}.Release|Any CPU.ActiveCfg = Release|Any CPU
		{28CA5FDA-1A94-4702-AB51-F99BFF9B37AF}.Release|Any CPU.Build.0 = Release|Any CPU
		{28CA5FDA-1A94-4702-AB51-F99BFF9B37AF}.Release|x64.ActiveCfg = Release|Any CPU
		{28CA5FDA-1A94-4702-AB51-F99BFF9B37AF}.Release|x64.Build.0 = Release|Any CPU
		{28CA5FDA-1A94-4702-AB51-F99BFF9B37AF}.Release|x86.ActiveCfg = Release|Any CPU
		{28CA5FDA-1A94-4702-AB51-F99BFF9B37AF}.Release|x86.Build.0 = Release|Any CPU
	EndGlobalSection
	GlobalSection(SolutionProperties) = preSolution
		HideSolutionNode = FALSE
	EndGlobalSection
	GlobalSection(NestedProjects) = preSolution
		{E5784DB9-3AE4-41DD-864F-BA7298CFFFBD} = {E7BDDBC6-9FD1-D1D7-ACD8-2C4F8E3D2461}
		{FE3FB199-55FF-42D1-1FD0-08473B5A7350} = {5854FF58-B8C5-05C6-5BF2-ACE42193F22B}
		{835BCD8C-DD8B-24F3-25EC-71630B8C5629} = {FE3FB199-55FF-42D1-1FD0-08473B5A7350}
		{9D10CAA8-B95B-44AD-81C9-18E8D09936F8} = {835BCD8C-DD8B-24F3-25EC-71630B8C5629}
		{408A604A-7BFA-4D60-99D4-8A162EB26E14} = {835BCD8C-DD8B-24F3-25EC-71630B8C5629}
		{DB077F01-6CA8-4BE3-9FEC-D53F7F84DBDE} = {835BCD8C-DD8B-24F3-25EC-71630B8C5629}
		{28CA5FDA-1A94-4702-AB51-F99BFF9B37AF} = {835BCD8C-DD8B-24F3-25EC-71630B8C5629}
	EndGlobalSection
EndGlobal
