
Microsoft Visual Studio Solution File, Format Version 12.00
# Visual Studio Version 17
VisualStudioVersion = 17.0.31903.59
MinimumVisualStudioVersion = 10.0.40219.1
Project("{FAE04EC0-301F-11D3-BF4B-00C04F79EFBC}") = "DDD_ASP_NET_SERVICES", "DDD_ASP_NET_SERVICES.sln", "{A1B2C3D4-E5F6-7890-ABCD-EF1234567890}"
EndProject
Project("{FAE04EC0-301F-11D3-BF4B-00C04F79EFBC}") = "Gateway", "gateway\Gateway\Gateway.csproj", "{B2C3D4E5-F6G7-8901-BCDE-F23456789012}"
EndProject
Project("{FAE04EC0-301F-11D3-BF4B-00C04F79EFBC}") = "Auth.Domain", "services\auth\src\Auth.Domain\Auth.Domain.csproj", "{C3D4E5F6-G7H8-9012-CDEF-345678901234}"
EndProject
Project("{FAE04EC0-301F-11D3-BF4B-00C04F79EFBC}") = "Auth.Application", "services\auth\src\Auth.Application\Auth.Application.csproj", "{D4E5F6G7-H8I9-0123-EFGH-456789012345}"
EndProject
Project("{FAE04EC0-301F-11D3-BF4B-00C04F79EFBC}") = "Auth.Infrastructure", "services\auth\src\Auth.Infrastructure\Auth.Infrastructure.csproj", "{E5F6G7H8-I9J0-1234-FGHI-567890123456}"
EndProject
Project("{FAE04EC0-301F-11D3-BF4B-00C04F79EFBC}") = "Auth.API", "services\auth\src\Auth.API\Auth.API.csproj", "{F6G7H8I9-J0K1-2345-GHIJ-678901234567}"
EndProject
Project("{FAE04EC0-301F-11D3-BF4B-00C04F79EFBC}") = "Common.CQRS", "libs\Common.CQRS\Common.CQRS.csproj", "{G7H8I9J0-K1L2-3456-HIJK-789012345678}"
EndProject
Project("{FAE04EC0-301F-11D3-BF4B-00C04F79EFBC}") = "Common.Messages", "libs\Common.Messages\Common.Messages.csproj", "{H8I9J0K1-L2M3-4567-IJKL-890123456789}"
EndProject
Project("{FAE04EC0-301F-11D3-BF4B-00C04F79EFBC}") = "Common.Utilities", "libs\Common.Utilities\Common.Utilities.csproj", "{I9J0K1L2-M3N4-5678-JKLM-901234567890}"
EndProject
Project("{FAE04EC0-301F-11D3-BF4B-00C04F79EFBC}") = "Email.Domain", "services\email\src\Email.Domain\Email.Domain.csproj", "{J0K1L2M3-N4O5-6789-KLMN-012345678901}"
EndProject
Project("{FAE04EC0-301F-11D3-BF4B-00C04F79EFBC}") = "Email.Application", "services\email\src\Email.Application\Email.Application.csproj", "{K1L2M3N4-O5P6-7890-LMNO-123456789012}"
EndProject
Project("{FAE04EC0-301F-11D3-BF4B-00C04F79EFBC}") = "Email.Infrastructure", "services\email\src\Email.Infrastructure\Email.Infrastructure.csproj", "{L2M3N4O5-P6Q7-8901-MNOP-234567890123}"
EndProject
Project("{FAE04EC0-301F-11D3-BF4B-00C04F79EFBC}") = "Email.API", "services\email\src\Email.API\Email.API.csproj", "{M3N4O5P6-Q7R8-9012-OPQR-345678901234}"
EndProject
Global
	GlobalSection(SolutionConfigurationPlatforms) = preSolution
		Debug|Any CPU = Debug|Any CPU
		Release|Any CPU = Release|Any CPU
	EndGlobalSection
	GlobalSection(ProjectConfigurationPlatforms) = postSolution
		{B2C3D4E5-F6G7-8901-BCDE-F23456789012}.Debug|Any CPU.ActiveCfg = Debug|Any CPU
		{B2C3D4E5-F6G7-8901-BCDE-F23456789012}.Debug|Any CPU.Build.0 = Debug|Any CPU
		{B2C3D4E5-F6G7-8901-BCDE-F23456789012}.Release|Any CPU.ActiveCfg = Release|Any CPU
		{B2C3D4E5-F6G7-8901-BCDE-F23456789012}.Release|Any CPU.Build.0 = Debug|Any CPU
		{C3D4E5F6-G7H8-9012-CDEF-345678901234}.Debug|Any CPU.ActiveCfg = Debug|Any CPU
		{C3D4E5F6-G7H8-9012-CDEF-345678901234}.Debug|Any CPU.Build.0 = Debug|Any CPU
		{C3D4E5F6-G7H8-9012-CDEF-345678901234}.Release|Any CPU.ActiveCfg = Release|Any CPU
		{C3D4E5F6-G7H8-9012-CDEF-345678901234}.Release|Any CPU.Build.0 = Debug|Any CPU
		{D4E5F6G7-H8I9-0123-EFGH-456789012345}.Debug|Any CPU.ActiveCfg = Debug|Any CPU
		{D4E5F6G7-H8I9-0123-EFGH-456789012345}.Debug|Any CPU.Build.0 = Debug|Any CPU
		{D4E5F6G7-H8I9-0123-EFGH-456789012345}.Release|Any CPU.ActiveCfg = Release|Any CPU
		{D4E5F6G7-H8I9-0123-EFGH-456789012345}.Release|Any CPU.Build.0 = Debug|Any CPU
		{E5F6G7H8-I9J0-1234-FGHI-567890123456}.Debug|Any CPU.ActiveCfg = Debug|Any CPU
		{E5F6G7H8-I9J0-1234-FGHI-567890123456}.Debug|Any CPU.Build.0 = Debug|Any CPU
		{E5F6G7H8-I9J0-1234-FGHI-567890123456}.Release|Any CPU.ActiveCfg = Release|Any CPU
		{E5F6G7H8-I9J0-1234-FGHI-567890123456}.Release|Any CPU.Build.0 = Debug|Any CPU
		{F6G7H8I9-J0K1-2345-GHIJ-678901234567}.Debug|Any CPU.ActiveCfg = Debug|Any CPU
		{F6G7H8I9-J0K1-2345-GHIJ-678901234567}.Debug|Any CPU.Build.0 = Debug|Any CPU
		{F6G7H8I9-J0K1-2345-GHIJ-678901234567}.Release|Any CPU.ActiveCfg = Release|Any CPU
		{F6G7H8I9-J0K1-2345-GHIJ-678901234567}.Release|Any CPU.Build.0 = Debug|Any CPU
		{G7H8I9J0-K1L2-3456-HIJK-789012345678}.Debug|Any CPU.ActiveCfg = Debug|Any CPU
		{G7H8I9J0-K1L2-3456-HIJK-789012345678}.Debug|Any CPU.Build.0 = Debug|Any CPU
		{G7H8I9J0-K1L2-3456-HIJK-789012345678}.Release|Any CPU.ActiveCfg = Release|Any CPU
		{G7H8I9J0-K1L2-3456-HIJK-789012345678}.Release|Any CPU.Build.0 = Debug|Any CPU
		{H8I9J0K1-L2M3-4567-IJKL-890123456789}.Debug|Any CPU.ActiveCfg = Debug|Any CPU
		{H8I9J0K1-L2M3-4567-IJKL-890123456789}.Debug|Any CPU.Build.0 = Debug|Any CPU
		{H8I9J0K1-L2M3-4567-IJKL-890123456789}.Release|Any CPU.ActiveCfg = Release|Any CPU
		{H8I9J0K1-L2M3-4567-IJKL-890123456789}.Release|Any CPU.Build.0 = Debug|Any CPU
		{I9J0K1L2-M3N4-5678-JKLM-901234567890}.Debug|Any CPU.ActiveCfg = Debug|Any CPU
		{I9J0K1L2-M3N4-5678-JKLM-901234567890}.Debug|Any CPU.Build.0 = Debug|Any CPU
		{I9J0K1L2-M3N4-5678-JKLM-901234567890}.Release|Any CPU.ActiveCfg = Release|Any CPU
		{I9J0K1L2-M3N4-5678-JKLM-901234567890}.Release|Any CPU.Build.0 = Debug|Any CPU
		{J0K1L2M3-N4O5-6789-KLMN-012345678901}.Debug|Any CPU.ActiveCfg = Debug|Any CPU
		{J0K1L2M3-N4O5-6789-KLMN-012345678901}.Debug|Any CPU.Build.0 = Debug|Any CPU
		{J0K1L2M3-N4O5-6789-KLMN-012345678901}.Release|Any CPU.ActiveCfg = Release|Any CPU
		{J0K1L2M3-N4O5-6789-KLMN-012345678901}.Release|Any CPU.Build.0 = Debug|Any CPU
		{K1L2M3N4-O5P6-7890-LMNO-123456789012}.Debug|Any CPU.ActiveCfg = Debug|Any CPU
		{K1L2M3N4-O5P6-7890-LMNO-123456789012}.Debug|Any CPU.Build.0 = Debug|Any CPU
		{K1L2M3N4-O5P6-7890-LMNO-123456789012}.Release|Any CPU.ActiveCfg = Release|Any CPU
		{K1L2M3N4-O5P6-7890-LMNO-123456789012}.Release|Any CPU.Build.0 = Debug|Any CPU
		{L2M3N4O5-P6Q7-8901-MNOP-234567890123}.Debug|Any CPU.ActiveCfg = Debug|Any CPU
		{L2M3N4O5-P6Q7-8901-MNOP-234567890123}.Debug|Any CPU.Build.0 = Debug|Any CPU
		{L2M3N4O5-P6Q7-8901-MNOP-234567890123}.Release|Any CPU.ActiveCfg = Release|Any CPU
		{L2M3N4O5-P6Q7-8901-MNOP-234567890123}.Release|Any CPU.Build.0 = Debug|Any CPU
		{M3N4O5P6-Q7R8-9012-OPQR-345678901234}.Debug|Any CPU.ActiveCfg = Debug|Any CPU
		{M3N4O5P6-Q7R8-9012-OPQR-345678901234}.Debug|Any CPU.Build.0 = Debug|Any CPU
		{M3N4O5P6-Q7R8-9012-OPQR-345678901234}.Release|Any CPU.ActiveCfg = Release|Any CPU
		{M3N4O5P6-Q7R8-9012-OPQR-345678901234}.Release|Any CPU.Build.0 = Debug|Any CPU
	EndGlobalSection
	GlobalSection(SolutionProperties) = preSolution
		HideSolutionNode = FALSE
	EndGlobalSection
	GlobalSection(ExtensibilityGlobals) = postSolution
		SolutionGuid = {A1B2C3D4-E5F6-7890-ABCD-EF1234567890}
	EndGlobalSection
EndGlobal
